<?xml version="1.0" encoding="UTF-8"?>
<!DOCTYPE plist PUBLIC "-//Apple//DTD PLIST 1.0//EN" "http://www.apple.com/DTDs/PropertyList-1.0.dtd">
<plist version="1.0">
<dict>
	<key>archiveVersion</key>
	<string>1</string>
	<key>classes</key>
	<dict/>
	<key>objectVersion</key>
	<string>56</string>
	<key>objects</key>
	<dict>
		<key>9A19B321B888E4DC19255301</key>
		<dict>
			<key>isa</key>
			<string>PBXFileReference</string>
			<key>lastKnownFileType</key>
			<string>sourcecode.swift</string>
			<key>path</key>
			<string>FlowyMac/Authentication.swift</string>
			<key>sourceTree</key>
			<string>&lt;group&gt;</string>
		</dict>
		<key>F78C41CF932F8556FCFE4DAF</key>
		<dict>
			<key>isa</key>
			<string>PBXFileReference</string>
			<key>lastKnownFileType</key>
			<string>sourcecode.swift</string>
			<key>path</key>
			<string>FlowyMac/ContentView.swift</string>
			<key>sourceTree</key>
			<string>&lt;group&gt;</string>
		</dict>
		<key>0560E0AE825FE8FF0B491A31</key>
		<dict>
			<key>isa</key>
			<string>PBXFileReference</string>
			<key>lastKnownFileType</key>
			<string>sourcecode.swift</string>
			<key>path</key>
			<string>FlowyMac/FlowyApp.swift</string>
			<key>sourceTree</key>
			<string>&lt;group&gt;</string>
		</dict>
		<key>28B7F7D7712C22C8DE4AA31D</key>
		<dict>
			<key>isa</key>
			<string>PBXFileReference</string>
			<key>lastKnownFileType</key>
			<string>sourcecode.swift</string>
			<key>path</key>
			<string>FlowyShareExtension/ShareView.swift</string>
			<key>sourceTree</key>
			<string>&lt;group&gt;</string>
		</dict>
		<key>0640C4D264E15CF7C53FDFEC</key>
		<dict>
			<key>isa</key>
			<string>PBXFileReference</string>
			<key>lastKnownFileType</key>
			<string>sourcecode.swift</string>
			<key>path</key>
			<string>FlowyShareExtension/ShareViewController.swift</string>
			<key>sourceTree</key>
			<string>&lt;group&gt;</string>
		</dict>
		<key>F868096D783D07D1AA7BF796</key>
		<dict>
			<key>isa</key>
			<string>PBXFileReference</string>
			<key>lastKnownFileType</key>
			<string>sourcecode.swift</string>
			<key>path</key>
			<string>FlowyShareExtension/SharedItemLoader.swift</string>
			<key>sourceTree</key>
			<string>&lt;group&gt;</string>
		</dict>
		<key>388B36D47EBAB30AD61AAF74</key>
		<dict>
			<key>isa</key>
			<string>PBXFileReference</string>
			<key>lastKnownFileType</key>
			<string>sourcecode.swift</string>
			<key>path</key>
			<string>Shared/APIConfiguration.swift</string>
			<key>sourceTree</key>
			<string>&lt;group&gt;</string>
		</dict>
		<key>C85308957C12477376BCF5EE</key>
		<dict>
			<key>isa</key>
			<string>PBXFileReference</string>
			<key>lastKnownFileType</key>
			<string>sourcecode.swift</string>
			<key>path</key>
			<string>Shared/FlowyAPIClient.swift</string>
			<key>sourceTree</key>
			<string>&lt;group&gt;</string>
		</dict>
		<key>93C6C6A2DBC2318232F016F1</key>
		<dict>
			<key>isa</key>
			<string>PBXFileReference</string>
			<key>lastKnownFileType</key>
			<string>sourcecode.swift</string>
			<key>path</key>
			<string>Shared/SharedItem.swift</string>
			<key>sourceTree</key>
			<string>&lt;group&gt;</string>
		</dict>
		<key>D51CF3B16F865E01ECD963A8</key>
		<dict>
			<key>isa</key>
			<string>PBXFileReference</string>
			<key>lastKnownFileType</key>
			<string>sourcecode.swift</string>
			<key>path</key>
			<string>Shared/SharedSession.swift</string>
			<key>sourceTree</key>
			<string>&lt;group&gt;</string>
		</dict>
		<key>C1F178A462930CF0A2E38E5D</key>
		<dict>
			<key>isa</key>
			<string>PBXFileReference</string>
			<key>lastKnownFileType</key>
			<string>text.plist.xml</string>
			<key>path</key>
			<string>FlowyMac/Info.plist</string>
			<key>sourceTree</key>
			<string>&lt;group&gt;</string>
		</dict>
		<key>BC88E21624162072975DAD8A</key>
		<dict>
			<key>isa</key>
			<string>PBXFileReference</string>
			<key>lastKnownFileType</key>
			<string>text.plist.xml</string>
			<key>path</key>
			<string>FlowyShareExtension/Info.plist</string>
			<key>sourceTree</key>
			<string>&lt;group&gt;</string>
		</dict>
		<key>347FAF3C463E9BE15E1AC836</key>
		<dict>
			<key>isa</key>
			<string>PBXFileReference</string>
			<key>lastKnownFileType</key>
			<string>text.plist.xml</string>
			<key>path</key>
			<string>FlowyMac/FlowyMac.entitlements</string>
			<key>sourceTree</key>
			<string>&lt;group&gt;</string>
		</dict>
		<key>0421F29959D680EF675E5A93</key>
		<dict>
			<key>isa</key>
			<string>PBXFileReference</string>
			<key>lastKnownFileType</key>
			<string>text.plist.xml</string>
			<key>path</key>
			<string>FlowyShareExtension/FlowyShareExtension.entitlements</string>
			<key>sourceTree</key>
			<string>&lt;group&gt;</string>
		</dict>
		<key>D7A64F065C2A60E6CB51F85C</key>
		<dict>
			<key>isa</key>
			<string>PBXFileReference</string>
			<key>explicitFileType</key>
			<string>wrapper.app-extension</string>
			<key>includeInIndex</key>
			<string>0</string>
			<key>path</key>
			<string>FlowyShareExtension.appex</string>
			<key>sourceTree</key>
			<string>BUILT_PRODUCTS_DIR</string>
		</dict>
		<key>02B11EC2B828BB9B49A249B0</key>
		<dict>
			<key>isa</key>
			<string>PBXBuildFile</string>
			<key>fileRef</key>
			<string>28B7F7D7712C22C8DE4AA31D</string>
		</dict>
		<key>863E7A65B6CD21A86B4287A6</key>
		<dict>
			<key>isa</key>
			<string>PBXBuildFile</string>
			<key>fileRef</key>
			<string>0640C4D264E15CF7C53FDFEC</string>
		</dict>
		<key>3D74D4F6D7E13A6429F83CE2</key>
		<dict>
			<key>isa</key>
			<string>PBXBuildFile</string>
			<key>fileRef</key>
			<string>F868096D783D07D1AA7BF796</string>
		</dict>
		<key>5244598500EF3FF1E51587C6</key>
		<dict>
			<key>isa</key>
			<string>PBXBuildFile</string>
			<key>fileRef</key>
			<string>388B36D47EBAB30AD61AAF74</string>
		</dict>
		<key>E1975E9D8859BE90CA0BF4B0</key>
		<dict>
			<key>isa</key>
			<string>PBXBuildFile</string>
			<key>fileRef</key>
			<string>C85308957C12477376BCF5EE</string>
		</dict>
		<key>BB3D5FA3D1B787769434F422</key>
		<dict>
			<key>isa</key>
			<string>PBXBuildFile</string>
			<key>fileRef</key>
			<string>93C6C6A2DBC2318232F016F1</string>
		</dict>
		<key>44321D6E698A2DD5CD75B14F</key>
		<dict>
			<key>isa</key>
			<string>PBXBuildFile</string>
			<key>fileRef</key>
			<string>D51CF3B16F865E01ECD963A8</string>
		</dict>
		<key>09E13DCE928F1DD52FBE14E3</key>
		<dict>
			<key>isa</key>
			<string>PBXSourcesBuildPhase</string>
			<key>buildActionMask</key>
			<string>2147483647</string>
			<key>files</key>
			<array>
				<string>02B11EC2B828BB9B49A249B0</string>
				<string>863E7A65B6CD21A86B4287A6</string>
				<string>3D74D4F6D7E13A6429F83CE2</string>
				<string>5244598500EF3FF1E51587C6</string>
				<string>E1975E9D8859BE90CA0BF4B0</string>
				<string>BB3D5FA3D1B787769434F422</string>
				<string>44321D6E698A2DD5CD75B14F</string>
			</array>
			<key>runOnlyForDeploymentPostprocessing</key>
			<string>0</string>
		</dict>
		<key>73C690BEC09037EE6119A03E</key>
		<dict>
			<key>isa</key>
			<string>XCBuildConfiguration</string>
			<key>name</key>
			<string>Debug</string>
			<key>buildSettings</key>
			<dict>
				<key>PRODUCT_NAME</key>
				<string>FlowyShareExtension</string>
				<key>PRODUCT_MODULE_NAME</key>
				<string>FlowyShareExtension</string>
				<key>PRODUCT_BUNDLE_IDENTIFIER</key>
				<string>app.tryflowy.mac.ShareExtension</string>
				<key>INFOPLIST_FILE</key>
				<string>FlowyShareExtension/Info.plist</string>
				<key>CODE_SIGN_ENTITLEMENTS</key>
				<string>FlowyShareExtension/FlowyShareExtension.entitlements</string>
				<key>CODE_SIGN_STYLE</key>
				<string>Automatic</string>
				<key>DEVELOPMENT_TEAM</key>
				<string>8C72ST495F</string>
				<key>ENABLE_HARDENED_RUNTIME</key>
				<string>YES</string>
				<key>SWIFT_VERSION</key>
				<string>5.0</string>
				<key>SWIFT_STRICT_CONCURRENCY</key>
				<string>targeted</string>
				<key>MACOSX_DEPLOYMENT_TARGET</key>
				<string>13.0</string>
				<key>SDKROOT</key>
				<string>macosx</string>
				<key>SUPPORTED_PLATFORMS</key>
				<string>macosx</string>
				<key>FLOWY_API_BASE_URL</key>
				<string>https://tryflowy.app</string>
				<key>FLOWY_ENVIRONMENT</key>
				<string>production</string>
				<key>GENERATE_INFOPLIST_FILE</key>
				<string>NO</string>
				<key>LD_RUNPATH_SEARCH_PATHS</key>
				<string>$(inherited) @executable_path/../Frameworks @executable_path/../../../../Frameworks</string>
				<key>SKIP_INSTALL</key>
				<string>YES</string>
				<key>APPLICATION_EXTENSION_API_ONLY</key>
				<string>YES</string>
				<key>COMBINE_HIDPI_IMAGES</key>
				<string>YES</string>
				<key>SWIFT_OPTIMIZATION_LEVEL</key>
				<string>-Onone</string>
			</dict>
		</dict>
		<key>E4499C4990051236A023CAFC</key>
		<dict>
			<key>isa</key>
			<string>XCBuildConfiguration</string>
			<key>name</key>
			<string>Release</string>
			<key>buildSettings</key>
			<dict>
				<key>PRODUCT_NAME</key>
				<string>FlowyShareExtension</string>
				<key>PRODUCT_MODULE_NAME</key>
				<string>FlowyShareExtension</string>
				<key>PRODUCT_BUNDLE_IDENTIFIER</key>
				<string>app.tryflowy.mac.ShareExtension</string>
				<key>INFOPLIST_FILE</key>
				<string>FlowyShareExtension/Info.plist</string>
				<key>CODE_SIGN_ENTITLEMENTS</key>
				<string>FlowyShareExtension/FlowyShareExtension.entitlements</string>
				<key>CODE_SIGN_STYLE</key>
				<string>Automatic</string>
				<key>DEVELOPMENT_TEAM</key>
				<string>8C72ST495F</string>
				<key>ENABLE_HARDENED_RUNTIME</key>
				<string>YES</string>
				<key>SWIFT_VERSION</key>
				<string>5.0</string>
				<key>SWIFT_STRICT_CONCURRENCY</key>
				<string>targeted</string>
				<key>MACOSX_DEPLOYMENT_TARGET</key>
				<string>13.0</string>
				<key>SDKROOT</key>
				<string>macosx</string>
				<key>SUPPORTED_PLATFORMS</key>
				<string>macosx</string>
				<key>FLOWY_API_BASE_URL</key>
				<string>https://tryflowy.app</string>
				<key>FLOWY_ENVIRONMENT</key>
				<string>production</string>
				<key>GENERATE_INFOPLIST_FILE</key>
				<string>NO</string>
				<key>LD_RUNPATH_SEARCH_PATHS</key>
				<string>$(inherited) @executable_path/../Frameworks @executable_path/../../../../Frameworks</string>
				<key>SKIP_INSTALL</key>
				<string>YES</string>
				<key>APPLICATION_EXTENSION_API_ONLY</key>
				<string>YES</string>
				<key>COMBINE_HIDPI_IMAGES</key>
				<string>YES</string>
				<key>SWIFT_OPTIMIZATION_LEVEL</key>
				<string>-O</string>
			</dict>
		</dict>
		<key>EC2443204A420137C101B89D</key>
		<dict>
			<key>isa</key>
			<string>XCConfigurationList</string>
			<key>buildConfigurations</key>
			<array>
				<string>73C690BEC09037EE6119A03E</string>
				<string>E4499C4990051236A023CAFC</string>
			</array>
			<key>defaultConfigurationIsVisible</key>
			<string>0</string>
			<key>defaultConfigurationName</key>
			<string>Release</string>
		</dict>
		<key>64C17D628FABA7B5286347C1</key>
		<dict>
			<key>isa</key>
			<string>PBXNativeTarget</string>
			<key>buildConfigurationList</key>
			<string>EC2443204A420137C101B89D</string>
			<key>buildPhases</key>
			<array>
				<string>09E13DCE928F1DD52FBE14E3</string>
			</array>
			<key>buildRules</key>
			<array/>
			<key>dependencies</key>
			<array/>
			<key>name</key>
			<string>FlowyShareExtension</string>
			<key>productName</key>
			<string>FlowyShareExtension</string>
			<key>productReference</key>
			<string>D7A64F065C2A60E6CB51F85C</string>
			<key>productType</key>
			<string>com.apple.product-type.app-extension</string>
		</dict>
		<key>12F4E9F9FA8D6F83C4844B8E</key>
		<dict>
			<key>isa</key>
			<string>PBXFileReference</string>
			<key>explicitFileType</key>
			<string>wrapper.application</string>
			<key>includeInIndex</key>
			<string>0</string>
			<key>path</key>
			<string>Flowy.app</string>
			<key>sourceTree</key>
			<string>BUILT_PRODUCTS_DIR</string>
		</dict>
		<key>BD9846BE271E7B5AEBE02435</key>
		<dict>
			<key>isa</key>
			<string>PBXBuildFile</string>
			<key>fileRef</key>
			<string>9A19B321B888E4DC19255301</string>
		</dict>
		<key>2D0DD423B4433FB397EC1601</key>
		<dict>
			<key>isa</key>
			<string>PBXBuildFile</string>
			<key>fileRef</key>
			<string>F78C41CF932F8556FCFE4DAF</string>
		</dict>
		<key>4AAC7E0E3C0EFF42481E3F90</key>
		<dict>
			<key>isa</key>
			<string>PBXBuildFile</string>
			<key>fileRef</key>
			<string>0560E0AE825FE8FF0B491A31</string>
		</dict>
		<key>495652DD5C3BDBE022EC4C8F</key>
		<dict>
			<key>isa</key>
			<string>PBXBuildFile</string>
			<key>fileRef</key>
			<string>388B36D47EBAB30AD61AAF74</string>
		</dict>
		<key>322C46BA35A3BA505815C7A2</key>
		<dict>
			<key>isa</key>
			<string>PBXBuildFile</string>
			<key>fileRef</key>
			<string>C85308957C12477376BCF5EE</string>
		</dict>
		<key>BA2FD63D82F1857FCBC6853A</key>
		<dict>
			<key>isa</key>
			<string>PBXBuildFile</string>
			<key>fileRef</key>
			<string>93C6C6A2DBC2318232F016F1</string>
		</dict>
		<key>8EE6BE79E4B452DAAC22FFB4</key>
		<dict>
			<key>isa</key>
			<string>PBXBuildFile</string>
			<key>fileRef</key>
			<string>D51CF3B16F865E01ECD963A8</string>
		</dict>
		<key>E079BD215B501522F6973FC5</key>
		<dict>
			<key>isa</key>
			<string>PBXSourcesBuildPhase</string>
			<key>buildActionMask</key>
			<string>2147483647</string>
			<key>files</key>
			<array>
				<string>BD9846BE271E7B5AEBE02435</string>
				<string>2D0DD423B4433FB397EC1601</string>
				<string>4AAC7E0E3C0EFF42481E3F90</string>
				<string>495652DD5C3BDBE022EC4C8F</string>
				<string>322C46BA35A3BA505815C7A2</string>
				<string>BA2FD63D82F1857FCBC6853A</string>
				<string>8EE6BE79E4B452DAAC22FFB4</string>
			</array>
			<key>runOnlyForDeploymentPostprocessing</key>
			<string>0</string>
		</dict>
		<key>29C296BFB12C7EC437BC3604</key>
		<dict>
			<key>isa</key>
			<string>PBXBuildFile</string>
			<key>fileRef</key>
			<string>D7A64F065C2A60E6CB51F85C</string>
			<key>settings</key>
			<dict>
				<key>ATTRIBUTES</key>
				<array>
					<string>RemoveHeadersOnCopy</string>
				</array>
			</dict>
		</dict>
		<key>9A1A94849351517526ADF6B3</key>
		<dict>
			<key>isa</key>
			<string>PBXCopyFilesBuildPhase</string>
			<key>buildActionMask</key>
			<string>2147483647</string>
			<key>dstPath</key>
			<string></string>
			<key>dstSubfolderSpec</key>
			<string>13</string>
			<key>files</key>
			<array>
				<string>29C296BFB12C7EC437BC3604</string>
			</array>
			<key>name</key>
			<string>Embed App Extensions</string>
			<key>runOnlyForDeploymentPostprocessing</key>
			<string>0</string>
		</dict>
		<key>711595F184A741E167AA1950</key>
		<dict>
			<key>isa</key>
			<string>PBXTargetDependency</string>
			<key>target</key>
			<string>64C17D628FABA7B5286347C1</string>
		</dict>
		<key>B3AD37E10B1D111214D731E0</key>
		<dict>
			<key>isa</key>
			<string>XCBuildConfiguration</string>
			<key>name</key>
			<string>Debug</string>
			<key>buildSettings</key>
			<dict>
				<key>PRODUCT_NAME</key>
				<string>Flowy</string>
				<key>PRODUCT_MODULE_NAME</key>
				<string>FlowyMac</string>
				<key>PRODUCT_BUNDLE_IDENTIFIER</key>
				<string>app.tryflowy.mac</string>
				<key>INFOPLIST_FILE</key>
				<string>FlowyMac/Info.plist</string>
				<key>CODE_SIGN_ENTITLEMENTS</key>
				<string>FlowyMac/FlowyMac.entitlements</string>
				<key>CODE_SIGN_STYLE</key>
				<string>Automatic</string>
				<key>DEVELOPMENT_TEAM</key>
				<string>8C72ST495F</string>
				<key>ENABLE_HARDENED_RUNTIME</key>
				<string>YES</string>
				<key>SWIFT_VERSION</key>
				<string>5.0</string>
				<key>SWIFT_STRICT_CONCURRENCY</key>
				<string>targeted</string>
				<key>MACOSX_DEPLOYMENT_TARGET</key>
				<string>13.0</string>
				<key>SDKROOT</key>
				<string>macosx</string>
				<key>SUPPORTED_PLATFORMS</key>
				<string>macosx</string>
				<key>FLOWY_API_BASE_URL</key>
				<string>https://tryflowy.app</string>
				<key>FLOWY_ENVIRONMENT</key>
				<string>production</string>
				<key>GENERATE_INFOPLIST_FILE</key>
				<string>NO</string>
				<key>LD_RUNPATH_SEARCH_PATHS</key>
				<string>$(inherited) @executable_path/../Frameworks @executable_path/../../../../Frameworks</string>
				<key>SKIP_INSTALL</key>
				<string>NO</string>
				<key>APPLICATION_EXTENSION_API_ONLY</key>
				<string>NO</string>
				<key>COMBINE_HIDPI_IMAGES</key>
				<string>YES</string>
				<key>SWIFT_OPTIMIZATION_LEVEL</key>
				<string>-Onone</string>
			</dict>
		</dict>
		<key>D4C30931A8B55D0A90B6A283</key>
		<dict>
			<key>isa</key>
			<string>XCBuildConfiguration</string>
			<key>name</key>
			<string>Release</string>
			<key>buildSettings</key>
			<dict>
				<key>PRODUCT_NAME</key>
				<string>Flowy</string>
				<key>PRODUCT_MODULE_NAME</key>
				<string>FlowyMac</string>
				<key>PRODUCT_BUNDLE_IDENTIFIER</key>
				<string>app.tryflowy.mac</string>
				<key>INFOPLIST_FILE</key>
				<string>FlowyMac/Info.plist</string>
				<key>CODE_SIGN_ENTITLEMENTS</key>
				<string>FlowyMac/FlowyMac.entitlements</string>
				<key>CODE_SIGN_STYLE</key>
				<string>Automatic</string>
				<key>DEVELOPMENT_TEAM</key>
				<string>8C72ST495F</string>
				<key>ENABLE_HARDENED_RUNTIME</key>
				<string>YES</string>
				<key>SWIFT_VERSION</key>
				<string>5.0</string>
				<key>SWIFT_STRICT_CONCURRENCY</key>
				<string>targeted</string>
				<key>MACOSX_DEPLOYMENT_TARGET</key>
				<string>13.0</string>
				<key>SDKROOT</key>
				<string>macosx</string>
				<key>SUPPORTED_PLATFORMS</key>
				<string>macosx</string>
				<key>FLOWY_API_BASE_URL</key>
				<string>https://tryflowy.app</string>
				<key>FLOWY_ENVIRONMENT</key>
				<string>production</string>
				<key>GENERATE_INFOPLIST_FILE</key>
				<string>NO</string>
				<key>LD_RUNPATH_SEARCH_PATHS</key>
				<string>$(inherited) @executable_path/../Frameworks @executable_path/../../../../Frameworks</string>
				<key>SKIP_INSTALL</key>
				<string>NO</string>
				<key>APPLICATION_EXTENSION_API_ONLY</key>
				<string>NO</string>
				<key>COMBINE_HIDPI_IMAGES</key>
				<string>YES</string>
				<key>SWIFT_OPTIMIZATION_LEVEL</key>
				<string>-O</string>
			</dict>
		</dict>
		<key>BBA0BB0D6BA8BC351D6F2310</key>
		<dict>
			<key>isa</key>
			<string>XCConfigurationList</string>
			<key>buildConfigurations</key>
			<array>
				<string>B3AD37E10B1D111214D731E0</string>
				<string>D4C30931A8B55D0A90B6A283</string>
			</array>
			<key>defaultConfigurationIsVisible</key>
			<string>0</string>
			<key>defaultConfigurationName</key>
			<string>Release</string>
		</dict>
		<key>0AE7317CBA0BC42DD5E1BE69</key>
		<dict>
			<key>isa</key>
			<string>PBXNativeTarget</string>
			<key>buildConfigurationList</key>
			<string>BBA0BB0D6BA8BC351D6F2310</string>
			<key>buildPhases</key>
			<array>
				<string>E079BD215B501522F6973FC5</string>
				<string>9A1A94849351517526ADF6B3</string>
			</array>
			<key>buildRules</key>
			<array/>
			<key>dependencies</key>
			<array>
				<string>711595F184A741E167AA1950</string>
			</array>
			<key>name</key>
			<string>FlowyMac</string>
			<key>productName</key>
			<string>Flowy</string>
			<key>productReference</key>
			<string>12F4E9F9FA8D6F83C4844B8E</string>
			<key>productType</key>
			<string>com.apple.product-type.application</string>
		</dict>
		<key>4EDC8BFAFC6BD936B849F38C</key>
		<dict>
			<key>isa</key>
			<string>PBXGroup</string>
			<key>children</key>
			<array>
				<string>D7A64F065C2A60E6CB51F85C</string>
				<string>12F4E9F9FA8D6F83C4844B8E</string>
			</array>
			<key>name</key>
			<string>Products</string>
			<key>sourceTree</key>
			<string>&lt;group&gt;</string>
		</dict>
		<key>EB814BE3CA3B78C0734C5605</key>
		<dict>
			<key>isa</key>
			<string>PBXGroup</string>
			<key>children</key>
			<array>
				<string>9A19B321B888E4DC19255301</string>
				<string>F78C41CF932F8556FCFE4DAF</string>
				<string>0560E0AE825FE8FF0B491A31</string>
				<string>28B7F7D7712C22C8DE4AA31D</string>
				<string>0640C4D264E15CF7C53FDFEC</string>
				<string>F868096D783D07D1AA7BF796</string>
				<string>388B36D47EBAB30AD61AAF74</string>
				<string>C85308957C12477376BCF5EE</string>
				<string>93C6C6A2DBC2318232F016F1</string>
				<string>D51CF3B16F865E01ECD963A8</string>
				<string>C1F178A462930CF0A2E38E5D</string>
				<string>BC88E21624162072975DAD8A</string>
				<string>347FAF3C463E9BE15E1AC836</string>
				<string>0421F29959D680EF675E5A93</string>
				<string>4EDC8BFAFC6BD936B849F38C</string>
			</array>
			<key>sourceTree</key>
			<string>&lt;group&gt;</string>
		</dict>
		<key>433548979C024CC63B5F3B8D</key>
		<dict>
			<key>isa</key>
			<string>XCBuildConfiguration</string>
			<key>name</key>
			<string>Debug</string>
			<key>buildSettings</key>
			<dict>
				<key>CLANG_ENABLE_MODULES</key>
				<string>YES</string>
				<key>CLANG_ENABLE_OBJC_ARC</key>
				<string>YES</string>
				<key>SWIFT_OPTIMIZATION_LEVEL</key>
				<string>-Onone</string>
			</dict>
		</dict>
		<key>B800A40FDE6F0A0218D9BCD2</key>
		<dict>
			<key>isa</key>
			<string>XCBuildConfiguration</string>
			<key>name</key>
			<string>Release</string>
			<key>buildSettings</key>
			<dict>
				<key>CLANG_ENABLE_MODULES</key>
				<string>YES</string>
				<key>CLANG_ENABLE_OBJC_ARC</key>
				<string>YES</string>
				<key>SWIFT_OPTIMIZATION_LEVEL</key>
				<string>-O</string>
			</dict>
		</dict>
		<key>3C05BEEE7303EE3FA7B250FA</key>
		<dict>
			<key>isa</key>
			<string>XCConfigurationList</string>
			<key>buildConfigurations</key>
			<array>
				<string>433548979C024CC63B5F3B8D</string>
				<string>B800A40FDE6F0A0218D9BCD2</string>
			</array>
			<key>defaultConfigurationIsVisible</key>
			<string>0</string>
			<key>defaultConfigurationName</key>
			<string>Release</string>
		</dict>
		<key>985959785319747668373CC6</key>
		<dict>
			<key>isa</key>
			<string>PBXProject</string>
			<key>attributes</key>
			<dict>
				<key>BuildIndependentTargetsInParallel</key>
				<string>YES</string>
				<key>LastUpgradeCheck</key>
				<string>2630</string>
			</dict>
			<key>buildConfigurationList</key>
			<string>3C05BEEE7303EE3FA7B250FA</string>
			<key>compatibilityVersion</key>
			<string>Xcode 14.0</string>
			<key>developmentRegion</key>
			<string>en</string>
			<key>hasScannedForEncodings</key>
			<string>0</string>
			<key>knownRegions</key>
			<array>
				<string>en</string>
				<string>Base</string>
			</array>
			<key>mainGroup</key>
			<string>EB814BE3CA3B78C0734C5605</string>
			<key>productRefGroup</key>
			<string>4EDC8BFAFC6BD936B849F38C</string>
			<key>projectDirPath</key>
			<string></string>
			<key>projectRoot</key>
			<string></string>
			<key>targets</key>
			<array>
				<string>64C17D628FABA7B5286347C1</string>
				<string>0AE7317CBA0BC42DD5E1BE69</string>
			</array>
		</dict>
	</dict>
	<key>rootObject</key>
	<string>985959785319747668373CC6</string>
</dict>
</plist>
